<?xml version="1.0" encoding="utf-8"?>
<Project ToolsVersion="4.0" xmlns="http://schemas.microsoft.com/developer/msbuild/2003">
  <ItemGroup>
    <Filter Include="Source Files">
      <UniqueIdentifier>{4FC737F1-C7A5-4376-A066-2A32D752A2FF}</UniqueIdentifier>
      <Extensions>cpp;c;cc;cxx;def;odl;idl;hpj;bat;asm;asmx</Extensions>
    </Filter>
    <Filter Include="Header Files">
      <UniqueIdentifier>{93995380-89BD-4b04-88EB-625FBE52EBFB}</UniqueIdentifier>
      <Extensions>h;hh;hpp;hxx;hm;inl;inc;xsd</Extensions>
    </Filter>
    <Filter Include="Resource Files">
      <UniqueIdentifier>{67DA6AB6-F800-4c08-8B7A-83BB121AAD01}</UniqueIdentifier>
      <Extensions>rc;ico;cur;bmp;dlg;rc2;rct;bin;rgs;gif;jpg;jpeg;jpe;resx;tiff;tif;png;wav;mfcribbon-ms</Extensions>
    </Filter>
    <Filter Include="SimpleIni">
      <UniqueIdentifier>{a3da341a-f9f1-4b46-83b0-e09bf2c453a8}</UniqueIdentifier>
    </Filter>
    <Filter Include="JIT">
      <UniqueIdentifier>{84613649-3cc1-4ce3-a099-ea611d9d6183}</UniqueIdentifier>
    </Filter>
    <Filter Include="SKSE">
      <UniqueIdentifier>{6db92acb-0d47-42fe-8ff8-87e1cd933bdd}</UniqueIdentifier>
    </Filter>
  </ItemGroup>
  <ItemGroup>
    <ClInclude Include="Hook_Skill.h">
      <Filter>Header Files</Filter>
    </ClInclude>
    <ClInclude Include="Settings.h">
      <Filter>Header Files</Filter>
    </ClInclude>
    <ClInclude Include="SimpleIni.h">
      <Filter>SimpleIni</Filter>
    </ClInclude>
    <ClInclude Include="Utilities.h">
      <Filter>SKSE</Filter>
    </ClInclude>
    <ClInclude Include="resource.h">
      <Filter>Header Files</Filter>
    </ClInclude>
    <ClInclude Include="ScanMemory.h">
      <Filter>Header Files</Filter>
    </ClInclude>
    <ClInclude Include="xbyak.h">
      <Filter>JIT</Filter>
    </ClInclude>
    <ClInclude Include="GameSettings.h">
      <Filter>Header Files</Filter>
    </ClInclude>
    <ClInclude Include="NiTypes.h">
      <Filter>Header Files</Filter>
    </ClInclude>
    <ClInclude Include="PluginAPI.h">
      <Filter>Header Files</Filter>
    </ClInclude>
  </ItemGroup>
  <ItemGroup>
    <ClCompile Include="main.cpp">
      <Filter>Source Files</Filter>
    </ClCompile>
    <ClCompile Include="Hook_Skill.cpp">
      <Filter>Source Files</Filter>
    </ClCompile>
    <ClCompile Include="Settings.cpp">
      <Filter>Source Files</Filter>
    </ClCompile>
    <ClCompile Include="Utilities.cpp">
      <Filter>SKSE</Filter>
    </ClCompile>
    <ClCompile Include="ScanMemory.cpp">
      <Filter>Source Files</Filter>
    </ClCompile>
    <ClCompile Include="GameSettings.cpp">
      <Filter>Source Files</Filter>
    </ClCompile>
    <ClCompile Include="NiTypes.cpp">
      <Filter>Source Files</Filter>
    </ClCompile>
  </ItemGroup>
  <ItemGroup>
    <None Include="exports.def">
      <Filter>Resource Files</Filter>
    </None>
  </ItemGroup>
  <ItemGroup>
    <ResourceCompile Include="SkyrimUncapper.rc">
      <Filter>Resource Files</Filter>
    </ResourceCompile>
  </ItemGroup>
</Project>